
Microsoft Visual Studio Solution File, Format Version 12.00
# Visual Studio Version 17
VisualStudioVersion = 17.4.33122.133
MinimumVisualStudioVersion = 10.0.40219.1
Project("{FAE04EC0-301F-11D3-BF4B-00C04F79EFBC}") = "2023_dotnetcore_practice_store", "2023_dotnetcore_practice_store\2023_dotnetcore_practice_store.csproj", "{B06A6472-48BC-4935-85CD-2534A231F4FA}"
EndProject
Global
	GlobalSection(SolutionConfigurationPlatforms) = preSolution
		Debug|Any CPU = Debug|Any CPU
		Release|Any CPU = Release|Any CPU
	EndGlobalSection
	GlobalSection(ProjectConfigurationPlatforms) = postSolution
		{B06A6472-48BC-4935-85CD-2534A231F4FA}.Debug|Any CPU.ActiveCfg = Debug|Any CPU
		{B06A6472-48BC-4935-85CD-2534A231F4FA}.Debug|Any CPU.Build.0 = Debug|Any CPU
		{B06A6472-48BC-4935-85CD-2534A231F4FA}.Release|Any CPU.ActiveCfg = Release|Any CPU
		{B06A6472-48BC-4935-85CD-2534A231F4FA}.Release|Any CPU.Build.0 = Release|Any CPU
	EndGlobalSection
	GlobalSection(SolutionProperties) = preSolution
		HideSolutionNode = FALSE
	EndGlobalSection
	GlobalSection(ExtensibilityGlobals) = postSolution
		SolutionGuid = {C353CBBD-E358-4697-AB74-CF334E934990}
	EndGlobalSection
EndGlobal
